
Microsoft Visual Studio Solution File, Format Version 12.00
# Visual Studio 15
VisualStudioVersion = 15.0.28010.2036
MinimumVisualStudioVersion = 10.0.40219.1
Project("{FAE04EC0-301F-11D3-BF4B-00C04F79EFBC}") = "Webapi", "Webapi\Webapi.csproj", "{1A476A85-7292-49C2-89C9-283C25B33288}"
EndProject
Global
	GlobalSection(SolutionConfigurationPlatforms) = preSolution
		Debug|Any CPU = Debug|Any CPU
		Release|Any CPU = Release|Any CPU
	EndGlobalSection
	GlobalSection(ProjectConfigurationPlatforms) = postSolution
		{1A476A85-7292-49C2-89C9-283C25B33288}.Debug|Any CPU.ActiveCfg = Debug|Any CPU
		{1A476A85-7292-49C2-89C9-283C25B33288}.Debug|Any CPU.Build.0 = Debug|Any CPU
		{1A476A85-7292-49C2-89C9-283C25B33288}.Release|Any CPU.ActiveCfg = Release|Any CPU
		{1A476A85-7292-49C2-89C9-283C25B33288}.Release|Any CPU.Build.0 = Release|Any CPU
	EndGlobalSection
	GlobalSection(SolutionProperties) = preSolution
		HideSolutionNode = FALSE
	EndGlobalSection
	GlobalSection(ExtensibilityGlobals) = postSolution
		SolutionGuid = {AC61B45B-16C0-4301-B3AD-D725A03C7DCA}
	EndGlobalSection
EndGlobal
